
Microsoft Visual Studio Solution File, Format Version 12.00
# Visual Studio Version 17
VisualStudioVersion = 17.1.32210.238
MinimumVisualStudioVersion = 10.0.40219.1
Project("{FAE04EC0-301F-11D3-BF4B-00C04F79EFBC}") = "applegym", "applegym.csproj", "{5A62B203-8CE7-493A-8CD6-A06A4038BAAE}"
EndProject
Global
	GlobalSection(SolutionConfigurationPlatforms) = preSolution
		Debug|Any CPU = Debug|Any CPU
		Release|Any CPU = Release|Any CPU
	EndGlobalSection
	GlobalSection(ProjectConfigurationPlatforms) = postSolution
		{5A62B203-8CE7-493A-8CD6-A06A4038BAAE}.Debug|Any CPU.ActiveCfg = Debug|Any CPU
		{5A62B203-8CE7-493A-8CD6-A06A4038BAAE}.Debug|Any CPU.Build.0 = Debug|Any CPU
		{5A62B203-8CE7-493A-8CD6-A06A4038BAAE}.Release|Any CPU.ActiveCfg = Release|Any CPU
		{5A62B203-8CE7-493A-8CD6-A06A4038BAAE}.Release|Any CPU.Build.0 = Release|Any CPU
	EndGlobalSection
	GlobalSection(SolutionProperties) = preSolution
		HideSolutionNode = FALSE
	EndGlobalSection
	GlobalSection(ExtensibilityGlobals) = postSolution
		SolutionGuid = {603E0512-862A-4346-8296-62F7D58D39FA}
	EndGlobalSection
EndGlobal
